
Microsoft Visual Studio Solution File, Format Version 12.00
# Visual Studio Version 17
VisualStudioVersion = 17.3.32825.248
MinimumVisualStudioVersion = 10.0.40219.1
Project("{FAE04EC0-301F-11D3-BF4B-00C04F79EFBC}") = "Среднее число", "Среднее число\Среднее число.csproj", "{1A763202-E420-44D8-B032-1F4D94136855}"
EndProject
Global
	GlobalSection(SolutionConfigurationPlatforms) = preSolution
		Debug|Any CPU = Debug|Any CPU
		Release|Any CPU = Release|Any CPU
	EndGlobalSection
	GlobalSection(ProjectConfigurationPlatforms) = postSolution
		{1A763202-E420-44D8-B032-1F4D94136855}.Debug|Any CPU.ActiveCfg = Debug|Any CPU
		{1A763202-E420-44D8-B032-1F4D94136855}.Debug|Any CPU.Build.0 = Debug|Any CPU
		{1A763202-E420-44D8-B032-1F4D94136855}.Release|Any CPU.ActiveCfg = Release|Any CPU
		{1A763202-E420-44D8-B032-1F4D94136855}.Release|Any CPU.Build.0 = Release|Any CPU
	EndGlobalSection
	GlobalSection(SolutionProperties) = preSolution
		HideSolutionNode = FALSE
	EndGlobalSection
	GlobalSection(ExtensibilityGlobals) = postSolution
		SolutionGuid = {56CC3A46-1AA9-4440-A7B6-2E5EA610579D}
	EndGlobalSection
EndGlobal
